
Microsoft Visual Studio Solution File, Format Version 10.00
# Visual Studio 2008
Project("{8BC9CEB8-8B4A-11D0-8D11-00A0C91BC942}") = "Life2", "Life2.vcproj", "{A48A5D64-05D2-4312-BBC4-D77A7EB1A197}"
EndProject
Global
	GlobalSection(SolutionConfigurationPlatforms) = preSolution
		Debug|Win32 = Debug|Win32
		Release|Win32 = Release|Win32
	EndGlobalSection
	GlobalSection(ProjectConfigurationPlatforms) = postSolution
		{A48A5D64-05D2-4312-BBC4-D77A7EB1A197}.Debug|Win32.ActiveCfg = Debug|Win32
		{A48A5D64-05D2-4312-BBC4-D77A7EB1A197}.Debug|Win32.Build.0 = Debug|Win32
		{A48A5D64-05D2-4312-BBC4-D77A7EB1A197}.Release|Win32.ActiveCfg = Release|Win32
		{A48A5D64-05D2-4312-BBC4-D77A7EB1A197}.Release|Win32.Build.0 = Release|Win32
	EndGlobalSection
	GlobalSection(SolutionProperties) = preSolution
		HideSolutionNode = FALSE
	EndGlobalSection
EndGlobal
